PODS:
  - BlueSocket (2.0.3)
  - SwiftSH (0.1.2)

DEPENDENCIES:
  - BlueSocket
  - SwiftSH (from `third-party/SwiftSH`)

SPEC REPOS:
  trunk:
    - BlueSocket

EXTERNAL SOURCES:
  SwiftSH:
    :path: third-party/SwiftSH

SPEC CHECKSUMS:
  BlueSocket: e06b19d90362672ece8d298cd6bb724e9937fa0b
  SwiftSH: 6bc688742125e80a39b2e6fd71eda532d92d5020

PODFILE CHECKSUM: 24ba40a4f055345f81b3b9e07b98e241c94f6e40

COCOAPODS: 1.16.2
