PODS:
  - BlueSocket (2.0.3)
  - SwiftSH (0.1.2):
    - SwiftSH/Libssh2 (= 0.1.2)
  - SwiftSH/Core (0.1.2)
  - SwiftSH/Libssh2 (0.1.2):
    - SwiftSH/Core

DEPENDENCIES:
  - BlueSocket
  - SwiftSH (from `https://github.com/Frugghi/SwiftSH.git`, branch `master`)

SPEC REPOS:
  trunk:
    - BlueSocket

EXTERNAL SOURCES:
  SwiftSH:
    :branch: master
    :git: https://github.com/Frugghi/SwiftSH.git

CHECKOUT OPTIONS:
  SwiftSH:
    :commit: 67776928e8fa8b5817c17ecb502aaa53ad9abfdc
    :git: https://github.com/Frugghi/SwiftSH.git

SPEC CHECKSUMS:
  BlueSocket: e06b19d90362672ece8d298cd6bb724e9937fa0b
  SwiftSH: af82ce3d917de027cd8d9fdb2cea652137dace0d

PODFILE CHECKSUM: cd29b5daee1f95cc25b65cf4b1e44ad7ddf48646

COCOAPODS: 1.13.0
