# tctiSH guest root filesystem lock.
#
# Generated by assets/build_rootfs.sh --lock. Do not edit by hand.
# Every line is fetched and hash-checked by a plain build.
#
# Alpine edge, x86_64.

minirootfs 20260805 5acac12c425a0817c1b6a79bdd5df4c73756fc8dc268eab32f8ba830872b835d

package main ncurses-terminfo-base 6.6_p20260822-r0 33a94cf057abff31ca199bd472cf72c2b497cf9fde9c81e87cff8c88a0fb33a2
package main libncursesw 6.6_p20260822-r0 9a938483f12531f4ae1604e4c22c4d71d6e197f17b03d00bf0093628e2ab0e95
package main readline 8.3.3-r1 a0facde0de1a476438b099ffd85393aef0a2c1e0966dd6017941d44361803aed
package main bash 5.3.9-r2 8c82fc6267127e862a54a3217599e00071cae762035565a425771bda80bc6e53
package main skalibs-libs 2.15.1.0-r0 ec0d603af89c8027919f4e6b19370c0db4461a817c09f7cc8a1688cf16a84948
package main utmps-libs 0.1.3.4-r0 353a12cf0ad7a0faed9977b2ff0389e6c6a5881cf2ce8847a308c0a05bc3a131
package main dropbear 2026.94-r0 8e34c3203341f4f60a5762ac0e73caca485975b7ee74ff243d1520f4f9d659fe
package main libeconf 0.8.4-r0 285cc8268c2426030be8d5a47bcc6f695e14af22fc94733927fcebf47ce1b838
package main libblkid 2.42.3-r1 7bd1e4de14b489712c506823a0bbb0f252486424f7cd2b07f2e7409686515ef3
package main libcom_err 1.47.4-r0 eb597433461f21122cb0a03cdd97f9e7185cbc098f2028d45e27c0fdbc8c8143
package main e2fsprogs-libs 1.47.4-r0 f3285af76fd2b9f4a56318dede8048b1ebc9e00594f3f399e59259b840f14bef
package main libuuid 2.42.3-r1 18f3012aa4c0836ef09d38ac63d1d2f0f6dfd53ea06066bb0d599ad63b3baa05
package main e2fsprogs 1.47.4-r0 f03975293eca3ff04f430ee1193b7979f16e44c2ea5050126136a0d0835adfa5
package main libmd 1.2.0-r0 f6d68d072fcefc8edd4ffe3afc341ca391f8a9a209130628fb065d98b18a2792
package main libbsd 0.12.2-r0 1a5f292088dc2430ae12362333b1e4e1c87143897ba895638469ab67eee3e72a
package main netcat-openbsd 1.234.1-r0 10d4878f00160984c805d41364045dfc0ea7fc6cda4b1e8e74c4368cd08b9dbc
