{
  "object": {
    "pins": [
      {
        "package": "swift-atomics",
        "repositoryURL": "https://github.com/apple/swift-atomics.git",
        "state": {
          "branch": null,
          "revision": "919eb1d83e02121cdb434c7bfc1f0c66ef17febe",
          "version": "1.0.2"
        }
      },
      {
        "package": "SwiftSH",
        "repositoryURL": "https://github.com/migueldeicaza/SwiftSH.binaries",
        "state": {
          "branch": "master",
          "revision": "3ce9fc6d6f26f43952a78d9431985a59008d14d2",
          "version": null
        }
      }
    ]
  },
  "version": 1
}
